// !$*UTF8*$!
{
	archiveVersion = 1;
	classes = {
	};
	objectVersion = 48;
	objects = {

/* Begin PBXBuildFile section */
		757A7B7C1FB04A6B005A6D20 /* AppDelegate.swift in Sources */ = {isa = PBXBuildFile; fileRef = 757A7B7B1FB04A6B005A6D20 /* AppDelegate.swift */; };
		757A7B7E1FB04A6B005A6D20 /* ViewController.swift in Sources */ = {isa = PBXBuildFile; fileRef = 757A7B7D1FB04A6B005A6D20 /* ViewController.swift */; };
		757A7B811FB04A6B005A6D20 /* Main.storyboard in Resources */ = {isa = PBXBuildFile; fileRef = 757A7B7F1FB04A6B005A6D20 /* Main.storyboard */; };
		757A7B831FB04A6B005A6D20 /* Assets.xcassets in Resources */ = {isa = PBXBuildFile; fileRef = 757A7B821FB04A6B005A6D20 /* Assets.xcassets */; };
		757A7B861FB04A6B005A6D20 /* LaunchScreen.storyboard in Resources */ = {isa = PBXBuildFile; fileRef = 757A7B841FB04A6B005A6D20 /* LaunchScreen.storyboard */; };
/* End PBXBuildFile section */

/* Begin PBXFileReference section */
		757A7B781FB04A6B005A6D20 /* Herllo World.app */ = {isa = PBXFileReference; explicitFileType = wrapper.application; includeInIndex = 0; path = "Herllo World.app"; sourceTree = BUILT_PRODUCTS_DIR; };
		757A7B7B1FB04A6B005A6D20 /* AppDelegate.swift */ = {isa = PBXFileReference; lastKnownFileType = sourcecode.swift; path = AppDelegate.swift; sourceTree = "<group>"; };
		757A7B7D1FB04A6B005A6D20 /* ViewController.swift */ = {isa = PBXFileReference; lastKnownFileType = sourcecode.swift; path = ViewController.swift; sourceTree = "<group>"; };
		757A7B801FB04A6B005A6D20 /* Base */ = {isa = PBXFileReference; lastKnownFileType = file.storyboard; name = Base; path = Base.lproj/Main.storyboard; sourceTree = "<group>"; };
		757A7B821FB04A6B005A6D20 /* Assets.xcassets */ = {isa = PBXFileReference; lastKnownFileType = folder.assetcatalog; path = Assets.xcassets; sourceTree = "<group>"; };
		757A7B851FB04A6B005A6D20 /* Base */ = {isa = PBXFileReference; lastKnownFileType = file.storyboard; name = Base; path = Base.lproj/LaunchScreen.storyboard; sourceTree = "<group>"; };
		757A7B871FB04A6B005A6D20 /* Info.plist */ = {isa = PBXFileReference; lastKnownFileType = text.plist.xml; path = Info.plist; sourceTree = "<group>"; };
/* End PBXFileReference section */

/* Begin PBXFrameworksBuildPhase section */
		757A7B751FB04A6B005A6D20 /* Frameworks */ = {
			isa = PBXFrameworksBuildPhase;
			buildActionMask = 2147483647;
			files = (
			);
			runOnlyForDeploymentPostprocessing = 0;
		};
/* End PBXFrameworksBuildPhase section */

/* Begin PBXGroup section */
		757A7B6F1FB04A6B005A6D20 = {
			isa = PBXGroup;
			children = (
				757A7B7A1FB04A6B005A6D20 /* Herllo World */,
				757A7B791FB04A6B005A6D20 /* Products */,
			);
			sourceTree = "<group>";
		};
		757A7B791FB04A6B005A6D20 /* Products */ = {
			isa = PBXGroup;
			children = (
				757A7B781FB04A6B005A6D20 /* Herllo World.app */,
			);
			name = Products;
			sourceTree = "<group>";
		};
		757A7B7A1FB04A6B005A6D20 /* Herllo World */ = {
			isa = PBXGroup;
			children = (
				757A7B7B1FB04A6B005A6D20 /* AppDelegate.swift */,
				757A7B7D1FB04A6B005A6D20 /* ViewController.swift */,
				757A7B7F1FB04A6B005A6D20 /* Main.storyboard */,
				757A7B821FB04A6B005A6D20 /* Assets.xcassets */,
				757A7B841FB04A6B005A6D20 /* LaunchScreen.storyboard */,
				757A7B871FB04A6B005A6D20 /* Info.plist */,
			);
			path = "Herllo World";
			sourceTree = "<group>";
		};
/* End PBXGroup section */

/* Begin PBXNativeTarget section */
		757A7B771FB04A6B005A6D20 /* Herllo World */ = {
			isa = PBXNativeTarget;
			buildConfigurationList = 757A7B8A1FB04A6B005A6D20 /* Build configuration list for PBXNativeTarget "Herllo World" */;
			buildPhases = (
				757A7B741FB04A6B005A6D20 /* Sources */,
				757A7B751FB04A6B005A6D20 /* Frameworks */,
				757A7B761FB04A6B005A6D20 /* Resources */,
			);
			buildRules = (
			);
			dependencies = (
			);
			name = "Herllo World";
			productName = "Herllo World";
			productReference = 757A7B781FB04A6B005A6D20 /* Herllo World.app */;
			productType = "com.apple.product-type.application";
		};
/* End PBXNativeTarget section */

/* Begin PBXProject section */
		757A7B701FB04A6B005A6D20 /* Project object */ = {
			isa = PBXProject;
			attributes = {
				LastSwiftUpdateCheck = 0900;
				LastUpgradeCheck = 0900;
				ORGANIZATIONNAME = FangChen;
				TargetAttributes = {
					757A7B771FB04A6B005A6D20 = {
						CreatedOnToolsVersion = 9.0.1;
						ProvisioningStyle = Automatic;
					};
				};
			};
			buildConfigurationList = 757A7B731FB04A6B005A6D20 /* Build configuration list for PBXProject "Herllo World" */;
			compatibilityVersion = "Xcode 8.0";
			developmentRegion = en;
			hasScannedForEncodings = 0;
			knownRegions = (
				en,
				Base,
			);
			mainGroup = 757A7B6F1FB04A6B005A6D20;
			productRefGroup = 757A7B791FB04A6B005A6D20 /* Products */;
			projectDirPath = "";
			projectRoot = "";
			targets = (
				757A7B771FB04A6B005A6D20 /* Herllo World */,
			);
		};
/* End PBXProject section */

/* Begin PBXResourcesBuildPhase section */
		757A7B761FB04A6B005A6D20 /* Resources */ = {
			isa = PBXResourcesBuildPhase;
			buildActionMask = 2147483647;
			files = (
				757A7B861FB04A6B005A6D20 /* LaunchScreen.storyboard in Resources */,
				757A7B831FB04A6B005A6D20 /* Assets.xcassets in Resources */,
				757A7B811FB04A6B005A6D20 /* Main.storyboard in Resources */,
			);
			runOnlyForDeploymentPostprocessing = 0;
		};
/* End PBXResourcesBuildPhase section */

/* Begin PBXSourcesBuildPhase section */
		757A7B741FB04A6B005A6D20 /* Sources */ = {
			isa = PBXSourcesBuildPhase;
			buildActionMask = 2147483647;
			files = (
				757A7B7E1FB04A6B005A6D20 /* ViewController.swift in Sources */,
				757A7B7C1FB04A6B005A6D20 /* AppDelegate.swift in Sources */,
			);
			runOnlyForDeploymentPostprocessing = 0;
		};
/* End PBXSourcesBuildPhase section */

/* Begin PBXVariantGroup section */
		757A7B7F1FB04A6B005A6D20 /* Main.storyboard */ = {
			isa = PBXVariantGroup;
			children = (
				757A7B801FB04A6B005A6D20 /* Base */,
			);
			name = Main.storyboard;
			sourceTree = "<group>";
		};
		757A7B841FB04A6B005A6D20 /* LaunchScreen.storyboard */ = {
			isa = PBXVariantGroup;
			children = (
				757A7B851FB04A6B005A6D20 /* Base */,
			);
			name = LaunchScreen.storyboard;
			sourceTree = "<group>";
		};
/* End PBXVariantGroup section */

/* Begin XCBuildConfiguration section */
		757A7B881FB04A6B005A6D20 /* Debug */ = {
			isa = XCBuildConfiguration;
			buildSettings = {
				ALWAYS_SEARCH_USER_PATHS = NO;
				CLANG_ANALYZER_NONNULL = YES;
				CLANG_ANALYZER_NUMBER_OBJECT_CONVERSION = YES_AGGRESSIVE;
				CLANG_CXX_LANGUAGE_STANDARD = "gnu++14";
				CLANG_CXX_LIBRARY = "libc++";
				CLANG_ENABLE_MODULES = YES;
				CLANG_ENABLE_OBJC_ARC = YES;
				CLANG_WARN_BLOCK_CAPTURE_AUTORELEASING = YES;
				CLANG_WARN_BOOL_CONVERSION = YES;
				CLANG_WARN_COMMA = YES;
				CLANG_WARN_CONSTANT_CONVERSION = YES;
				CLANG_WARN_DIRECT_OBJC_ISA_USAGE = YES_ERROR;
				CLANG_WARN_DOCUMENTATION_COMMENTS = YES;
				CLANG_WARN_EMPTY_BODY = YES;
				CLANG_WARN_ENUM_CONVERSION = YES;
				CLANG_WARN_INFINITE_RECURSION = YES;
				CLANG_WARN_INT_CONVERSION = YES;
				CLANG_WARN_NON_LITERAL_NULL_CONVERSION = YES;
				CLANG_WARN_OBJC_LITERAL_CONVERSION = YES;
				CLANG_WARN_OBJC_ROOT_CLASS = YES_ERROR;
				CLANG_WARN_RANGE_LOOP_ANALYSIS = YES;
				CLANG_WARN_STRICT_PROTOTYPES = YES;
				CLANG_WARN_SUSPICIOUS_MOVE = YES;
				CLANG_WARN_UNGUARDED_AVAILABILITY = YES_AGGRESSIVE;
				CLANG_WARN_UNREACHABLE_CODE = YES;
				CLANG_WARN__DUPLICATE_METHOD_MATCH = YES;
				CODE_SIGN_IDENTITY = "iPhone Developer";
				COPY_PHASE_STRIP = NO;
				DEBUG_INFORMATION_FORMAT = dwarf;
				ENABLE_STRICT_OBJC_MSGSEND = YES;
				ENABLE_TESTABILITY = YES;
				GCC_C_LANGUAGE_STANDARD = gnu11;
				GCC_DYNAMIC_NO_PIC = NO;
				GCC_NO_COMMON_BLOCKS = YES;
				GCC_OPTIMIZATION_LEVEL = 0;
				GCC_PREPROCESSOR_DEFINITIONS = (
					"DEBUG=1",
					"$(inherited)",
				);
				GCC_WARN_64_TO_32_BIT_CONVERSION = YES;
				GCC_WARN_ABOUT_RETURN_TYPE = YES_ERROR;
				GCC_WARN_UNDECLARED_SELECTOR = YES;
				GCC_WARN_UNINITIALIZED_AUTOS = YES_AGGRESSIVE;
				GCC_WARN_UNUSED_FUNCTION = YES;
				GCC_WARN_UNUSED_VARIABLE = YES;
				IPHONEOS_DEPLOYMENT_TARGET = 11.0;
				MTL_ENABLE_DEBUG_INFO = YES;
				ONLY_ACTIVE_ARCH = YES;
				SDKROOT = iphoneos;
				SWIFT_ACTIVE_COMPILATION_CONDITIONS = DEBUG;
				SWIFT_OPTIMIZATION_LEVEL = "-Onone";
			};
			name = Debug;
		};
		757A7B891FB04A6B005A6D20 /* Release */ = {
			isa = XCBuildConfiguration;
			buildSettings = {
				ALWAYS_SEARCH_USER_PATHS = NO;
				CLANG_ANALYZER_NONNULL = YES;
				CLANG_ANALYZER_NUMBER_OBJECT_CONVERSION = YES_AGGRESSIVE;
				CLANG_CXX_LANGUAGE_STANDARD = "gnu++14";
				CLANG_CXX_LIBRARY = "libc++";
				CLANG_ENABLE_MODULES = YES;
				CLANG_ENABLE_OBJC_ARC = YES;
				CLANG_WARN_BLOCK_CAPTURE_AUTORELEASING = YES;
				CLANG_WARN_BOOL_CONVERSION = YES;
				CLANG_WARN_COMMA = YES;
				CLANG_WARN_CONSTANT_CONVERSION = YES;
				CLANG_WARN_DIRECT_OBJC_ISA_USAGE = YES_ERROR;
				CLANG_WARN_DOCUMENTATION_COMMENTS = YES;
				CLANG_WARN_EMPTY_BODY = YES;
				CLANG_WARN_ENUM_CONVERSION = YES;
				CLANG_WARN_INFINITE_RECURSION = YES;
				CLANG_WARN_INT_CONVERSION = YES;
				CLANG_WARN_NON_LITERAL_NULL_CONVERSION = YES;
				CLANG_WARN_OBJC_LITERAL_CONVERSION = YES;
				CLANG_WARN_OBJC_ROOT_CLASS = YES_ERROR;
				CLANG_WARN_RANGE_LOOP_ANALYSIS = YES;
				CLANG_WARN_STRICT_PROTOTYPES = YES;
				CLANG_WARN_SUSPICIOUS_MOVE = YES;
				CLANG_WARN_UNGUARDED_AVAILABILITY = YES_AGGRESSIVE;
				CLANG_WARN_UNREACHABLE_CODE = YES;
				CLANG_WARN__DUPLICATE_METHOD_MATCH = YES;
				CODE_SIGN_IDENTITY = "iPhone Developer";
				COPY_PHASE_STRIP = NO;
				DEBUG_INFORMATION_FORMAT = "dwarf-with-dsym";
				ENABLE_NS_ASSERTIONS = NO;
				ENABLE_STRICT_OBJC_MSGSEND = YES;
				GCC_C_LANGUAGE_STANDARD = gnu11;
				GCC_NO_COMMON_BLOCKS = YES;
				GCC_WARN_64_TO_32_BIT_CONVERSION = YES;
				GCC_WARN_ABOUT_RETURN_TYPE = YES_ERROR;
				GCC_WARN_UNDECLARED_SELECTOR = YES;
				GCC_WARN_UNINITIALIZED_AUTOS = YES_AGGRESSIVE;
				GCC_WARN_UNUSED_FUNCTION = YES;
				GCC_WARN_UNUSED_VARIABLE = YES;
				IPHONEOS_DEPLOYMENT_TARGET = 11.0;
				MTL_ENABLE_DEBUG_INFO = NO;
				SDKROOT = iphoneos;
				SWIFT_OPTIMIZATION_LEVEL = "-Owholemodule";
				VALIDATE_PRODUCT = YES;
			};
			name = Release;
		};
		757A7B8B1FB04A6B005A6D20 /* Debug */ = {
			isa = XCBuildConfiguration;
			buildSettings = {
				ASSETCATALOG_COMPILER_APPICON_NAME = AppIcon;
				CODE_SIGN_STYLE = Automatic;
				DEVELOPMENT_TEAM = 485Z5M5YY4;
				INFOPLIST_FILE = "Herllo World/Info.plist";
				LD_RUNPATH_SEARCH_PATHS = "$(inherited) @executable_path/Frameworks";
				PRODUCT_BUNDLE_IDENTIFIER = "com.fangchen.Herllo-World";
				PRODUCT_NAME = "$(TARGET_NAME)";
				SWIFT_VERSION = 4.0;
				TARGETED_DEVICE_FAMILY = "1,2";
			};
			name = Debug;
		};
		757A7B8C1FB04A6B005A6D20 /* Release */ = {
			isa = XCBuildConfiguration;
			buildSettings = {
				ASSETCATALOG_COMPILER_APPICON_NAME = AppIcon;
				CODE_SIGN_STYLE = Automatic;
				DEVELOPMENT_TEAM = 485Z5M5YY4;
				INFOPLIST_FILE = "Herllo World/Info.plist";
				LD_RUNPATH_SEARCH_PATHS = "$(inherited) @executable_path/Frameworks";
				PRODUCT_BUNDLE_IDENTIFIER = "com.fangchen.Herllo-World";
				PRODUCT_NAME = "$(TARGET_NAME)";
				SWIFT_VERSION = 4.0;
				TARGETED_DEVICE_FAMILY = "1,2";
			};
			name = Release;
		};
/* End XCBuildConfiguration section */

/* Begin XCConfigurationList section */
		757A7B731FB04A6B005A6D20 /* Build configuration list for PBXProject "Herllo World" */ = {
			isa = XCConfigurationList;
			buildConfigurations = (
				757A7B881FB04A6B005A6D20 /* Debug */,
				757A7B891FB04A6B005A6D20 /* Release */,
			);
			defaultConfigurationIsVisible = 0;
			defaultConfigurationName = Release;
		};
		757A7B8A1FB04A6B005A6D20 /* Build configuration list for PBXNativeTarget "Herllo World" */ = {
			isa = XCConfigurationList;
			buildConfigurations = (
				757A7B8B1FB04A6B005A6D20 /* Debug */,
				757A7B8C1FB04A6B005A6D20 /* Release */,
			);
			defaultConfigurationIsVisible = 0;
			defaultConfigurationName = Release;
		};
/* End XCConfigurationList section */
	};
	rootObject = 757A7B701FB04A6B005A6D20 /* Project object */;
}
